{
    "_meta": {
        "hash": {
            "sha256": "7187c8b1e291ea4b634453f1948a3a2d636846b70afbf808792f9033f171b630"
        },
        "pipfile-spec": 6,
        "requires": {
            "python_version": "3.9"
        },
        "sources": [
            {
                "name": "pypi",
                "url": "https://pypi.org/simple",
                "verify_ssl": true
            }
        ]
    },
    "default": {
        "numpy": {
            "hashes": [
                "sha256:2428b109306075d89d21135bdd6b785f132a1f5a3260c371cee1fae427e12727",
                "sha256:377751954da04d4a6950191b20539066b4e19e3b559d4695399c5e8e3e683bf6",
                "sha256:4703b9e937df83f5b6b7447ca5912b5f5f297aba45f91dbbbc63ff9278c7aa98",
                "sha256:471c0571d0895c68da309dacee4e95a0811d0a9f9f532a48dc1bea5f3b7ad2b7",
                "sha256:61d5b4cf73622e4d0c6b83408a16631b670fc045afd6540679aa35591a17fe6d",
                "sha256:6c915ee7dba1071554e70a3664a839fbc033e1d6528199d4621eeaaa5487ccd2",
                "sha256:6e51e417d9ae2e7848314994e6fc3832c9d426abce9328cf7571eefceb43e6c9",
                "sha256:719656636c48be22c23641859ff2419b27b6bdf844b36a2447cb39caceb00935",
                "sha256:780ae5284cb770ade51d4b4a7dce4faa554eb1d88a56d0e8b9f35fca9b0270ff",
                "sha256:878922bf5ad7550aa044aa9301d417e2d3ae50f0f577de92051d739ac6096cee",
                "sha256:924dc3f83de20437de95a73516f36e09918e9c9c18d5eac520062c49191025fb",
                "sha256:97ce8b8ace7d3b9288d88177e66ee75480fb79b9cf745e91ecfe65d91a856042",
                "sha256:9c0fab855ae790ca74b27e55240fe4f2a36a364a3f1ebcfd1fb5ac4088f1cec3",
                "sha256:9cab23439eb1ebfed1aaec9cd42b7dc50fc96d5cd3147da348d9161f0501ada5",
                "sha256:a8e6859913ec8eeef3dbe9aed3bf475347642d1cdd6217c30f28dee8903528e6",
                "sha256:aa046527c04688af680217fffac61eec2350ef3f3d7320c07fd33f5c6e7b4d5f",
                "sha256:abc81829c4039e7e4c30f7897938fa5d4916a09c2c7eb9b244b7a35ddc9656f4",
                "sha256:bad70051de2c50b1a6259a6df1daaafe8c480ca98132da98976d8591c412e737",
                "sha256:c73a7975d77f15f7f68dacfb2bca3d3f479f158313642e8ea9058eea06637931",
                "sha256:d15007f857d6995db15195217afdbddfcd203dfaa0ba6878a2f580eaf810ecd6",
                "sha256:d76061ae5cab49b83a8cf3feacefc2053fac672728802ac137dd8c4123397677",
                "sha256:e8e4fbbb7e7634f263c5b0150a629342cc19b47c5eba8d1cd4363ab3455ab576",
                "sha256:e9459f40244bb02b2f14f6af0cd0732791d72232bbb0dc4bab57ef88e75f6935",
                "sha256:edb1f041a9146dcf02cd7df7187db46ab524b9af2515f392f337c7cbbf5b52cd"
            ],
            "index": "pypi",
            "version": "==1.20.2"
        },
        "opencv-contrib-python": {
            "hashes": [
                "sha256:1034b252b3d7ec5d07bf85f3a5f91fe6d3172dedaf7c4c3474848c6204d0f0f1",
                "sha256:11167768a6c643cd6a03158152ee73b62c8d4906e3bde2ed1383099b93ce14df",
                "sha256:11ebe4d5ca0af69744c73d6e28560c48d6cbc65b256574d5d47f24b99923878f",
                "sha256:12aa410897d47cf9bb63fbfd0513a645487982e77b3542ee84133d00d7851691",
                "sha256:24e4a770908daf1718830c6059bbfe7fb4d5ff0dcb1253416cbe17d365889afe",
                "sha256:2871c8c243c1a5217b8727c21fd347ec2ae755e39d52dd268bf8f01515b6e8d1",
                "sha256:28e3562d8421a47d08e388cb19c05df9f055a604009d515ffd118cf1b459560a",
                "sha256:4f38147203216182622844ce9af539af0e3d28ba285904319fb479b0f71943a5",
                "sha256:529a770bad6d01f59eab9065e73af3416492ebeac2d86f69ce603a6e922f021e",
                "sha256:6afc58493e085956e548e3cb748df2b420b5b4d8a37d57f7945d7e54262d7526",
                "sha256:6f577039e42e6255cd2f2a495e0d55b6cd283d677905c974824d575e9dc57b42",
                "sha256:703dc1a1f65aed065d4b5ef31756718f709a5d8fde69c110c0d637121ac3aee9",
                "sha256:74a866acca3fddb4666afa38ecf2cadfa6df319c62e5dc511760acb13caade5b",
                "sha256:74ebf353d7e1666066265922153a0f60fff9e1dd603f5929b13a99415363f078",
                "sha256:83681ee941e4b8b13c7023589b3354f07343b051df9cd668aae78d97bac9fa2e",
                "sha256:8b02e54f591ee0eabfae1f3fe14852821020e04a0c39af8e05a78a426be1a353",
                "sha256:8c9f350ebc8261c7b4a7d61d2cb22b94fb5cad5f1a0a7bf69bcea55886d98c90",
                "sha256:9453fbad079d65b1987a963b3986bd283ff31d2ee04d349a538ba4e383ba0399",
                "sha256:9ae70b05d9fdb61647d0fca7f23c0132eb9e245c5671637bcfbcc85a3efa131b",
                "sha256:9ba6bdb54af0963adb92d7d20ec10b5ec9d319d10ecd3796787b058fccad789b",
                "sha256:aef0e18485250500059d9a08db1f3b8f1a0dda53069a011a5e9c24c01dcb5627",
                "sha256:b16aa1a5fc2fae8faf360667016592b5862489d106052a4aa01458bea775e6d2",
                "sha256:c5a523ce046f4405da8c177c11ee614e815efd8751a8ace545098b5768246628",
                "sha256:e2f058b19a0cdaaee5c09aefa32068d3609f55ea86a37ade48525f8b8d63fad9",
                "sha256:ff62b4f0f4d3431fd13fc1eda0ec6be493ffa5e208f054d5933851987f3fabb6"
            ],
            "index": "pypi",
            "version": "==4.5.1.48"
        },
        "pygame": {
            "hashes": [
                "sha256:0571dde0277483f5060c8ee43cbfd8df5776b12505e3948eee241c8ce9b93371",
                "sha256:07ed57062be4bb9741f57dab1751d95574c091c9958ed7e39cdb246d50903283",
                "sha256:107d5f82f471baee4b9522a691cb320dd52dbf329ed7a0e9ab25f75cd3caf890",
                "sha256:10ca736eecedadf492ba1191f9fa3a5e6f30db2b9f8882b3ee7706d5a89c14e0",
                "sha256:19357c826ab94f9ae5b4ec5cb752cc806cfc29ea32cf7bdaacb65fa2615607e8",
                "sha256:21475405bcdeb20b8a796a3da6704ebb816e06b29749dd64ff619e80816b7932",
                "sha256:2d9b0a66034fed390ee367a549435853502c9d4fe82ac0fa3a520f0ad5648e6e",
                "sha256:30eb5c7adb0b3362024cec2c461be6978fbfc99c3bca974e438b1b540cd09438",
                "sha256:3270cbcff40ca2b5622a145346298a33285c91b6d50097e0b85123d9a2bc7c9b",
                "sha256:328d70d40bc9a6defb9f330f5e7f3d0726af1e7c2308ebca582e69480db2950d",
                "sha256:3b31d088129977885f72037c55cfa1140e9bcf3468e68b46141f6cc2b33d456b",
                "sha256:3c2676b4fd278d632037eacd3b0524ce1a592c048e8e5eb5830475f83585cb3a",
                "sha256:44f3ff8224d7cb998642400371c685005c8316b55e87794cbf1f6407b88ec424",
                "sha256:49c2f58559c1fbf4ba258e4b141578ccb0e83da3d4f823894f6171a8f0d594ed",
                "sha256:4d3135a1f8c76c3fff1ef8b7a51e4c6523748e9bdbd7bca6daa69790ce0e798a",
                "sha256:4f41252dfa1e8bb95f2ea51fba710827dde9820a535623d002a65621bafe7e3f",
                "sha256:5aeeb6659a7fe7760a78e449566553ae8c949ae29dd907a8eb4171fa0a274c16",
                "sha256:5afc34f0af0cec09a20b6bb09090054fac5169ab01909e01b06e7e0752ab0153",
                "sha256:5f057e5aa4c383fcf18560dcae2c5593e37e3fc941083a0a00a17f7cf25ee522",
                "sha256:72625dc949c6d08ba7ce7c37a33163bb498d90ca0d7e626db3cfbf486df4db1d",
                "sha256:7ea518d8eeb072c77c16977cdee3c59d9fffa750ed9c7c9c533ba520b6b08af7",
                "sha256:81510ffb1c31a3827c6be047b1926d81caf36dc734564ca0e14903d6bce60c6f",
                "sha256:845385caf99f8d941607791c60e560d24b4a35c70eef0b01c30cfde0b913ff92",
                "sha256:898874521a9be1f9dbc5b036a9755803287c2664e335afd3e10963f7f4ccb853",
                "sha256:8b1e7b63f47aafcdd8849933b206778747ef1802bd3d526aca45ed77141e4001",
                "sha256:9aead3f2eed90260136b201f398965900c5335c974bb7b47c381d98e39284018",
                "sha256:9de559462aaa68c40bb7625dcd587584b4eb85c4208528dc97b9ee7254945294",
                "sha256:9f48277de1daa83fd58a722b2e3423201b5eb39842227f32702fb78e4bba5a71",
                "sha256:9fd0691c4fe58b932674bb6a91d2808790e8269c3183ef16052f13e1c602ac00",
                "sha256:a4e35d89b6754941e82df1ce980a1c370943d3c076938d94ed1e48165dd6a11b",
                "sha256:ad230911d61f448c09886d3c92b2eae44ca7530babe9c48e74e02a0622ce2d34",
                "sha256:b812285d23b5644c643a6ae30553a772f935f47f61826660b108b8727936384b",
                "sha256:bf833c853a0568738ee5d88e1345c17bf3e8db626c36fb895327a35bb1827b0b",
                "sha256:c188ce4bf1544f2758e8b651f4349a0f3dc441e09d8ab7c4863db1ae8f084a32",
                "sha256:d8059084ce54b2c3d7b2c8bacd5f6490db849b2d2d6e7368c160b08504c87e73",
                "sha256:e72cdc97a49509ca2298350c2c3a0ac26bc8e943ce003a7d245df42e91439d5d",
                "sha256:eab18df58dcc8512f1b694f7218146828d7e3dd3f4e73bfd6942a11810293fd5",
                "sha256:ece424c83a575c2e0ba25815871458d3bbade46d76b7997236fb51a0251229ab",
                "sha256:ed80b40da839d60f4c03915bb3638e3c96ea8c30e689d0cc309b7597d82cc217",
                "sha256:fd5ee0f42d59a290c049f91894e0739f62c2908e7edc028ffb847a105e68bfc3",
                "sha256:fd6acd09d2a0fd3f616b18f977f399ed3dd95e2d6754f115837f026d19d62e10"
            ],
            "index": "pypi",
            "version": "==2.0.1"
        }
    },
    "develop": {}
}
